# THIS IS AN AUTOGENERATED FILE. DO NOT EDIT THIS FILE DIRECTLY.
assets/77aaeb7b-86f4-47a1-8196-74a660dd0919.woff:
  development: 2016-07-04T13:51:54+01:00   c506d6b24ddd6d6a415b040bedcc2c5d
assets/840b8bdf-7d26-449a-9620-8cb6663f18cc.eot:
  development: 2016-07-04T13:51:56+01:00   db3cbcb701f7452ac386dceb21694174
assets/app.js:
  development: 2017-01-11T10:42:44+00:00   ed0ee4b50db795ae35f3ed3e76e0b9b8
assets/be8d3917-a4cf-4d8f-b767-4e84bcbe300c.svg:
  development: 2016-07-04T13:51:58+01:00   b123aa7d631d4b9672bfc12305d50698
assets/d741af6b-26f4-4e34-b55d-432ccade3280.woff2:
  development: 2016-07-04T13:51:59+01:00   31a5a41cd6cff402d3cc6bda4465e155
assets/efdf74e6-bfd4-466d-93fd-4f8f4d55b80c.ttf:
  development: 2016-07-04T13:52:01+01:00   6d3d124d492156dfc479741630f99312
assets/facebook.svg:
  development: 2016-08-24T13:38:30+01:00   bbdcbf56b4f505e389cad0f4fd9c8176
assets/fastclick.min.js:
  development: 2016-06-29T11:48:52+01:00   4c68290ccc4d503561895dff0821621f
assets/favicon.png:
  development: 2016-09-05T15:30:33+01:00   7fe1c8d9b80510e9ce82acd1bea9c616
assets/gift-card.scss.liquid:
  development: 2016-06-29T11:48:52+01:00   d002007c6ca2572cffd492ca5e0a72dc
assets/ico-select.svg.liquid:
  development: 2016-06-29T11:48:52+01:00   c74a0fed2a628d11ab7ec2363d49b230
assets/icons.eot:
  development: 2016-06-29T11:48:52+01:00   f8ce645b7c86ae4cdbb210ccf6232653
assets/icons.json:
  development: 2016-06-29T11:48:52+01:00   519f8749b24ff387e4c4824d925d5033
assets/icons.svg:
  development: 2016-06-29T11:48:52+01:00   46535e4dcce9d3efe1846195ebc591f5
assets/icons.ttf:
  development: 2016-06-29T11:48:52+01:00   786a92120fbec713c58c3dcad970b72e
assets/icons.woff:
  development: 2016-06-29T11:48:52+01:00   f34345e3c33b3fd3f011efde335c36e5
assets/instagram.svg:
  development: 2016-08-24T13:38:13+01:00   98a646561bb31851986325f99957aaef
assets/jquery.flexslider.min.js:
  development: 2016-06-29T11:48:52+01:00   9ec3c315b67f434aabc4da58eabc6c3a
assets/jquery.zoom.min.js:
  development: 2016-06-29T11:48:53+01:00   39dbe5d6099efe7c2e702636b8d0dcda
assets/logomark.svg:
  development: 2016-08-15T15:51:28+01:00   6b8cb6c913a12ca4de74c9d8aa35240d
assets/magnific-popup.min.js:
  development: 2016-06-29T11:48:53+01:00   f582b5a67f5dbfb2b25e0a1ea8cbb080
assets/modernizr.min.js:
  development: 2016-06-29T11:48:53+01:00   e8a7c9329f429b2b271e31c540e61075
assets/password-page-background.jpg:
  development: 2016-06-29T11:48:53+01:00   4d5821272f875e5c11dd3a8c8e1d6133
assets/respond-proxy.html:
  development: 2016-06-29T11:48:53+01:00   75002d74a330bff6bf069284da503b4c
assets/respond.min.js:
  development: 2016-06-29T11:48:53+01:00   a2684e9b8fa50d6d11c56a9ada068528
assets/slide_1.jpg:
  development: 2016-06-29T11:48:53+01:00   3b3e985db64fdf9d67d99708d988c39b
assets/slide_2.jpg:
  development: 2016-06-29T11:48:53+01:00   d2139429970c1ef816c094824a217152
assets/slider.js.liquid:
  development: 2016-06-29T11:48:53+01:00   54a7c6fcf8f5d90f591150c7a924fa40
assets/social-buttons.js.liquid:
  development: 2016-06-29T11:48:53+01:00   a885f05c57ac5cdf3128d99a80898155
assets/style.css:
  development: 2016-10-19T11:38:42+01:00   c83d6ba791ea3c2c451c7f1add3e4666
assets/theme.js.liquid:
  development: 2016-06-29T11:48:54+01:00   fee85d552103bdde47084a731a028caa
assets/theme.scss.liquid:
  development: 2016-06-29T11:48:54+01:00   8794277e984cdb93de0f656adcd92f99
assets/timber.js.liquid:
  development: 2016-06-29T11:48:54+01:00   0d99d42d6431ca9f8dafab6bac9b7436
assets/timber.scss.liquid:
  development: 2016-06-29T11:48:54+01:00   6d33dd4739ce524f2c911d92e5cb09e2
assets/twitter.svg:
  development: 2016-08-24T13:38:51+01:00   45511e5f5b333a7fee9dca61df31c225
config/settings_data.json:
  development: 2016-07-04T13:52:14+01:00   99914b932bd37a50b983c5e7c90ae93b
config/settings_schema.json:
  development: 2016-07-04T13:52:14+01:00   d751713988987e9331980363e24189ce
layout/theme.liquid:
  development: 2016-07-05T11:41:39+01:00   eaa97374896653623e1bd60055527346
locales/de.json:
  development: 2016-06-29T11:48:54+01:00   8cc047d1228703fbbeeb09aced018d16
locales/en.default.json:
  development: 2016-06-29T11:48:55+01:00   76a0cb9f2b450adda2c8b564b11dd889
locales/es.json:
  development: 2016-06-29T11:48:55+01:00   802daa4aa1ce7edbd18e3dce11330680
locales/fr.json:
  development: 2016-06-29T11:48:55+01:00   58e741c8f7f46def6edd0aaf71c7a190
locales/pt-BR.json:
  development: 2016-06-29T11:48:55+01:00   b37819ad888530e3e207eee2ff57742b
locales/pt-PT.json:
  development: 2016-06-29T11:48:55+01:00   55b0e2b86430be7740083d66efdccaf0
snippets/blog-sidebar.liquid:
  development: 2016-06-29T11:48:54+01:00   627ebae5ee719c056fbd4f52649907d1
snippets/breadcrumb.liquid:
  development: 2016-06-29T11:48:54+01:00   462b1afe9f9edb6772aa0c810c24fc20
snippets/chains.liquid:
  development: 2016-07-04T13:52:35+01:00
snippets/collection-grid-item.liquid:
  development: 2016-06-29T11:48:54+01:00   c6b32ed3cfb5417d90105ee5353bbb9b
snippets/collection-sorting.liquid:
  development: 2016-06-29T11:48:54+01:00   e655ba8b8bb515d9c9d70e20a6adfd6a
snippets/collection-tags.liquid:
  development: 2016-06-29T11:48:54+01:00   4ec6eeb72392fbc37db82dacea875449
snippets/collection.liquid:
  development: 2016-08-15T14:41:59+01:00   e214edc76435e7d7a37b01d234280303
snippets/comment.liquid:
  development: 2016-06-29T11:48:54+01:00   35e507f92f779b5a74b68d9699051d53
snippets/featured-product.liquid:
  development: 2016-06-29T11:48:54+01:00   198ad801e79e7b85b7b845f56df057cf
snippets/featured-products.liquid:
  development: 2016-06-29T11:48:54+01:00   abb73bce8bfbba3fe4ea4ffce7f4b30f
snippets/footer.liquid:
  development: 2017-01-11T10:42:49+00:00   846549a43d338286c4ab92f97b5c4f28
snippets/google-fonts.liquid:
  development: 2016-06-29T11:48:54+01:00   8e40cfa27425f9a5b955b747e1edee96
snippets/header-bar.liquid:
  development: 2016-06-29T11:48:54+01:00   f974f460289f780e3f00ee7b5019f394
snippets/header.liquid:
  development: 2016-09-26T15:35:47+01:00   544b16e18fe9db363900ee6f2796d897
snippets/home-content.liquid:
  development: 2016-06-29T11:48:54+01:00   bdd1ab07c7fb899b14b7207602750121
snippets/mobile-nav-icons.liquid:
  development: 2016-06-29T11:48:54+01:00   e82516c8c481b1dbe42d9407302931bf
snippets/mobile-nav.liquid:
  development: 2016-06-29T11:48:54+01:00   9e225498a30a0ed2e897800584952c3f
snippets/newsletter-form.liquid:
  development: 2016-06-29T11:48:54+01:00   5258464c329994c42d7a27c0c981629e
snippets/oldIE-js.liquid:
  development: 2016-06-29T11:48:54+01:00   3b77bb1e396a1fe8154565277aea0db3
snippets/open-graph-tags.liquid:
  development: 2016-07-04T13:52:35+01:00   30354baab9dcd6afbe3b7deb3c1ec5ed
snippets/pagination-custom.liquid:
  development: 2016-06-29T11:48:54+01:00   081d2f613bfdb6dbc5c01e98dcf38118
snippets/product-grid-item.liquid:
  development: 2016-06-29T11:48:54+01:00   bb8ac9109f1b568c9ea5c1b8fc347b81
snippets/product.liquid:
  development: 2016-08-24T15:57:40+01:00   b94356cbb95d068552638d3bb333e9fb
snippets/related-products.liquid:
  development: 2016-06-29T11:48:54+01:00   48b2e01d0e5ca9a8d195d049a7ff662b
snippets/respond.liquid:
  development: 2016-06-29T11:48:54+01:00   296108cb94e6cb82d515ebb93308ef68
snippets/search-bar.liquid:
  development: 2016-06-29T11:48:54+01:00   153f168e799a75157665c273aaee23ea
snippets/search-result-grid.liquid:
  development: 2016-06-29T11:48:54+01:00   9c1804070c9fc5267e7c7c8f0af1f818
snippets/search-result.liquid:
  development: 2016-06-29T11:48:54+01:00   e2084f3954bc7a53e7da5c36c120acfd
snippets/site-nav.liquid:
  development: 2016-06-29T11:48:54+01:00   06c5a9dd9636b092eda1b4040c342686
snippets/sizes.liquid:
  development: 2016-08-24T15:54:21+01:00   fd1fbb237b79f1af689d0ccc8ea81256
snippets/slider.liquid:
  development: 2016-06-29T11:48:54+01:00   f2b14c2f087c458a45a6c8dde5587338
snippets/social-links.liquid:
  development: 2016-06-29T11:48:54+01:00   4d0f89160c9b1985f4b198fae84cc3d3
snippets/social-meta-tags.liquid:
  development: 2016-06-29T11:48:54+01:00   38e030d701ca9468b04319ae1327dad8
snippets/social-sharing.liquid:
  development: 2016-06-29T11:48:54+01:00   c186f41f5935c0955cdebfd93c6e315b
snippets/svg-definitions.liquid:
  development: 2016-06-29T11:48:54+01:00   fe4fbc64d534e355fd8653de4ebac79a
snippets/svgs.liquid:
  development: 2016-08-24T13:29:51+01:00   064999074cc7420296bd93c753141c81
snippets/tags-article.liquid:
  development: 2016-06-29T11:48:54+01:00   20bac49751d1b57826250dd05fdba854
snippets/twitter-card.liquid:
  development: 2016-07-04T13:52:36+01:00   04dab455ff659306026e711787ca70c2
templates/404.liquid:
  development: 2016-07-04T13:52:45+01:00
templates/article.liquid:
  development: 2016-09-26T14:47:34+01:00   f5543e1dbf6b602614a5c90fad6a2764
templates/blog.liquid:
  development: 2016-09-26T14:53:24+01:00   840470194cc48bc9fca4d82cd2f8af33
templates/cart.liquid:
  development: 2016-08-15T15:40:54+01:00   ad3bdf62815e80fe4bb74eca4286ac9c
templates/collection.liquid:
  development: 2016-07-06T15:14:33+01:00   b4fc387b7af68a0f7c6862af978b7517
templates/customers/account.liquid:
  development: 2016-06-29T11:48:54+01:00   b0474c22ef10491c49d4b8f85eefb96a
templates/customers/activate_account.liquid:
  development: 2016-06-29T11:48:54+01:00   dd9aa72cdd2fac22ee451ffd34bd6ccd
templates/customers/addresses.liquid:
  development: 2016-06-29T11:48:54+01:00   0bf19819ff1f8ceda983dbe46363dd5a
templates/customers/login.liquid:
  development: 2016-06-29T11:48:54+01:00   5586d07ca4e9aabb8e19355b00284238
templates/customers/order.liquid:
  development: 2016-06-29T11:48:54+01:00   d5ffeaaf7a6ac69a49d410928c89be40
templates/customers/register.liquid:
  development: 2016-06-29T11:48:54+01:00   a48fabe491f4dd1d663d9c9c8c9f8de7
templates/customers/reset_password.liquid:
  development: 2016-06-29T11:48:54+01:00   9e0bff88e275e5bd5919c0044023927e
templates/gift_card.liquid:
  development: 2016-06-29T11:48:54+01:00   9500e173905fea178aa2571faa3afad4
templates/index.liquid:
  development: 2016-10-31T11:13:12+00:00   6f5984b4931f16dd6085c0dbeac77132
templates/list-collections.liquid:
  development: 2016-09-15T10:56:28+01:00   ca87ccd625c5032c57dfd86f9d7396f1
templates/page.contact.liquid:
  development: 2016-06-29T11:48:54+01:00   60fab62a2d5d3a2191314d9437041634
templates/page.electric-eclectic.liquid:
  development: 2016-10-19T11:38:08+01:00   8306ac6cd1af2938afa124e8b530ffb9
templates/page.haight-poets-society.liquid:
  development: 2016-10-19T11:42:09+01:00   b2c704450f93aa92e9e19bacb6685748
templates/page.liquid:
  development: 2016-07-27T14:44:35+01:00   86eace4a74ff9dc6cfc4d74a8814273f
templates/page.no-heading.liquid:
  development: 2016-06-29T11:48:54+01:00   69d6b589c5ec6e8299088c5624c195fa
templates/page.queens-of-noise.liquid:
  development: 2016-10-19T11:40:16+01:00   49f7ca4880f8f413c4632e540dadf4d0
templates/page.size-guide.liquid:
  development: 2016-08-24T15:28:55+01:00   c2be6967f29aa62cd02bc65b0b950138
templates/page.stockists.liquid:
  development: 2016-12-21T11:55:13+00:00   dbc8bd98a3130ed85c56f8d8bb630da3
templates/page.the-label.liquid:
  development: 2016-08-24T13:13:46+01:00   5ebd03cc563cfed1516bff0d7823bbc0
templates/pages.size-guide.liquid:
  development: 2016-08-24T15:27:46+01:00   86eace4a74ff9dc6cfc4d74a8814273f
templates/password.liquid:
  development: 2016-06-29T11:48:54+01:00   edc0505623978321f71c8592591fb83d
templates/product.liquid:
  development: 2016-09-08T14:13:58+01:00   638d4d66244fae08512bc70352db30a2
templates/search.liquid:
  development: 2016-06-29T11:48:54+01:00   0b3c69d969595ed8cc0315e27b847cc6
